# Generated by buf. DO NOT EDIT.
version: v1
deps:
  - remote: buf.build
    owner: protocolbuffers
    repository: wellknowntypes
    commit: 4e1ccfa6827947beb55974645a315b8d
    digest: shake256:7535ac337929b4cfdd12d52bef75155277e715bdc364fcb41556a95fa0d3f58510b4e210f609cb91f9a47363a59c1643b6b1059d7702d0e900059271fde1c03a
